// !$*UTF8*$!
{
	archiveVersion = 1;
	classes = {
	};
	objectVersion = 46;
	objects = {

/* Begin PBXBuildFile section */
		3D1D7DEA1C84A7F400DD2A36 /* TermsOfUseController.swift in Sources */ = {isa = PBXBuildFile; fileRef = 3D1D7DE91C84A7F400DD2A36 /* TermsOfUseController.swift */; };
		4201EE6F1BEE55440045CDC1 /* ConfigViewController.swift in Sources */ = {isa = PBXBuildFile; fileRef = 4201EE6E1BEE55440045CDC1 /* ConfigViewController.swift */; };
		420683011BED3A95003E4C84 /* personCell.xib in Resources */ = {isa = PBXBuildFile; fileRef = 420683001BED3A95003E4C84 /* personCell.xib */; };
		420683031BED3E15003E4C84 /* personTableViewCell.swift in Sources */ = {isa = PBXBuildFile; fileRef = 420683021BED3E15003E4C84 /* personTableViewCell.swift */; };
		425324131C04E49100D4BB88 /* black_circle.png in Resources */ = {isa = PBXBuildFile; fileRef = 425324121C04E49100D4BB88 /* black_circle.png */; };
		425324151C04E60100D4BB88 /* circle_mask.png in Resources */ = {isa = PBXBuildFile; fileRef = 425324141C04E60100D4BB88 /* circle_mask.png */; };
		427151C51C0E2CB100DC380A /* Toucan.framework in Embed Frameworks */ = {isa = PBXBuildFile; fileRef = 427151C01C0E2C9600DC380A /* Toucan.framework */; settings = {ATTRIBUTES = (CodeSignOnCopy, RemoveHeadersOnCopy, ); }; };
		427C42361BE2BE1700F3A219 /* AVFoundation.framework in Frameworks */ = {isa = PBXBuildFile; fileRef = 427C42351BE2BE1700F3A219 /* AVFoundation.framework */; };
		42F4CFC71BDFE6E80098A62D /* feedCell.xib in Resources */ = {isa = PBXBuildFile; fileRef = 42F4CFC61BDFE6E80098A62D /* feedCell.xib */; };
		42F4CFC91BDFECAE0098A62D /* FeedTableViewCell.swift in Sources */ = {isa = PBXBuildFile; fileRef = 42F4CFC81BDFECAE0098A62D /* FeedTableViewCell.swift */; };
		42F4CFCB1BE0006D0098A62D /* votoCell.xib in Resources */ = {isa = PBXBuildFile; fileRef = 42F4CFCA1BE0006D0098A62D /* votoCell.xib */; };
		42F4CFCD1BE005520098A62D /* VotoTableViewCell.swift in Sources */ = {isa = PBXBuildFile; fileRef = 42F4CFCC1BE005520098A62D /* VotoTableViewCell.swift */; };
		42FA91881BEDB5BF00D3849E /* DesafiosViewController.swift in Sources */ = {isa = PBXBuildFile; fileRef = 42FA91871BEDB5BF00D3849E /* DesafiosViewController.swift */; };
		42FC42F01BF67F2300E5AF51 /* Rodina-Regular.otf in Resources */ = {isa = PBXBuildFile; fileRef = 42FC42EF1BF67D0E00E5AF51 /* Rodina-Regular.otf */; };
		62127A361C0F82CC001950D2 /* CoreMotion.framework in Frameworks */ = {isa = PBXBuildFile; fileRef = 62127A351C0F82CC001950D2 /* CoreMotion.framework */; };
		62127A381C0F82D5001950D2 /* AudioToolbox.framework in Frameworks */ = {isa = PBXBuildFile; fileRef = 62127A371C0F82D5001950D2 /* AudioToolbox.framework */; };
		62127A3A1C0F82E5001950D2 /* MediaPlayer.framework in Frameworks */ = {isa = PBXBuildFile; fileRef = 62127A391C0F82E5001950D2 /* MediaPlayer.framework */; };
		62127A3C1C0F82EC001950D2 /* MessageUI.framework in Frameworks */ = {isa = PBXBuildFile; fileRef = 62127A3B1C0F82EC001950D2 /* MessageUI.framework */; };
		62127A411C10BA74001950D2 /* EstimoteSDK.framework in Frameworks */ = {isa = PBXBuildFile; fileRef = 62127A401C10BA74001950D2 /* EstimoteSDK.framework */; };
		62127A601C10BA92001950D2 /* libEstimoteIndoorSDK.a in Frameworks */ = {isa = PBXBuildFile; fileRef = 62127A541C10BA92001950D2 /* libEstimoteIndoorSDK.a */; };
		62127A611C10BA92001950D2 /* avatar.png in Resources */ = {isa = PBXBuildFile; fileRef = 62127A561C10BA92001950D2 /* avatar.png */; };
		62127A621C10BA92001950D2 /* avatar@2x.png in Resources */ = {isa = PBXBuildFile; fileRef = 62127A571C10BA92001950D2 /* avatar@2x.png */; };
		62127A631C10BA92001950D2 /* avatar@3x.png in Resources */ = {isa = PBXBuildFile; fileRef = 62127A581C10BA92001950D2 /* avatar@3x.png */; };
		62127A641C10BA92001950D2 /* beacon_grey@2x.png in Resources */ = {isa = PBXBuildFile; fileRef = 62127A591C10BA92001950D2 /* beacon_grey@2x.png */; };
		62127A651C10BA92001950D2 /* beaconBlueberrySmall.png in Resources */ = {isa = PBXBuildFile; fileRef = 62127A5A1C10BA92001950D2 /* beaconBlueberrySmall.png */; };
		62127A661C10BA92001950D2 /* beaconBlueberrySmall@2x.png in Resources */ = {isa = PBXBuildFile; fileRef = 62127A5B1C10BA92001950D2 /* beaconBlueberrySmall@2x.png */; };
		62127A671C10BA92001950D2 /* beaconIcySmall.png in Resources */ = {isa = PBXBuildFile; fileRef = 62127A5C1C10BA92001950D2 /* beaconIcySmall.png */; };
		62127A681C10BA92001950D2 /* beaconIcySmall@2x.png in Resources */ = {isa = PBXBuildFile; fileRef = 62127A5D1C10BA92001950D2 /* beaconIcySmall@2x.png */; };
		62127A691C10BA92001950D2 /* beaconMintSmall.png in Resources */ = {isa = PBXBuildFile; fileRef = 62127A5E1C10BA92001950D2 /* beaconMintSmall.png */; };
		62127A6A1C10BA92001950D2 /* beaconMintSmall@2x.png in Resources */ = {isa = PBXBuildFile; fileRef = 62127A5F1C10BA92001950D2 /* beaconMintSmall@2x.png */; };
		623DA9E81BDB39D000BCBFF4 /* FeedController.swift in Sources */ = {isa = PBXBuildFile; fileRef = 623DA9E71BDB39D000BCBFF4 /* FeedController.swift */; };
		623DA9EC1BDB4EE400BCBFF4 /* SwiftyJSON.swift in Sources */ = {isa = PBXBuildFile; fileRef = 623DA9EB1BDB4EE400BCBFF4 /* SwiftyJSON.swift */; };
		627355AA1BD8079400F7124A /* AppDelegate.swift in Sources */ = {isa = PBXBuildFile; fileRef = 627355A91BD8079400F7124A /* AppDelegate.swift */; };
		627355AC1BD8079400F7124A /* ViewController.swift in Sources */ = {isa = PBXBuildFile; fileRef = 627355AB1BD8079400F7124A /* ViewController.swift */; };
		627355AF1BD8079400F7124A /* Main.storyboard in Resources */ = {isa = PBXBuildFile; fileRef = 627355AD1BD8079400F7124A /* Main.storyboard */; };
		627355B11BD8079400F7124A /* Assets.xcassets in Resources */ = {isa = PBXBuildFile; fileRef = 627355B01BD8079400F7124A /* Assets.xcassets */; };
		627355B41BD8079400F7124A /* LaunchScreen.storyboard in Resources */ = {isa = PBXBuildFile; fileRef = 627355B21BD8079400F7124A /* LaunchScreen.storyboard */; };
		627355BF1BD8079400F7124A /* TatariTests.swift in Sources */ = {isa = PBXBuildFile; fileRef = 627355BE1BD8079400F7124A /* TatariTests.swift */; };
		627355CA1BD8079400F7124A /* TatariUITests.swift in Sources */ = {isa = PBXBuildFile; fileRef = 627355C91BD8079400F7124A /* TatariUITests.swift */; };
		627355E01BD80CAA00F7124A /* FBSDKCoreKit.framework in Frameworks */ = {isa = PBXBuildFile; fileRef = 627355DE1BD80CAA00F7124A /* FBSDKCoreKit.framework */; };
		627355E11BD80CAA00F7124A /* FBSDKLoginKit.framework in Frameworks */ = {isa = PBXBuildFile; fileRef = 627355DF1BD80CAA00F7124A /* FBSDKLoginKit.framework */; };
		627355E41BD80DAD00F7124A /* Bolts.framework in Frameworks */ = {isa = PBXBuildFile; fileRef = 627355E31BD80DAD00F7124A /* Bolts.framework */; };
		627355EA1BD813DC00F7124A /* MainController.swift in Sources */ = {isa = PBXBuildFile; fileRef = 627355E91BD813DC00F7124A /* MainController.swift */; };
		62939ED01BDC488600CAB491 /* VoteController.swift in Sources */ = {isa = PBXBuildFile; fileRef = 62939ECF1BDC488600CAB491 /* VoteController.swift */; };
		62939ED21BDD39F300CAB491 /* SearchController.swift in Sources */ = {isa = PBXBuildFile; fileRef = 62939ED11BDD39F300CAB491 /* SearchController.swift */; };
		62E068221BEC668C001455E7 /* libz.tbd in Frameworks */ = {isa = PBXBuildFile; fileRef = 62E068211BEC668C001455E7 /* libz.tbd */; };
		62E068241BEC6782001455E7 /* libstdc++.tbd in Frameworks */ = {isa = PBXBuildFile; fileRef = 62E068231BEC6782001455E7 /* libstdc++.tbd */; };
		62E068261BEC6834001455E7 /* SystemConfiguration.framework in Frameworks */ = {isa = PBXBuildFile; fileRef = 62E068251BEC6834001455E7 /* SystemConfiguration.framework */; };
		62E068281BEC6856001455E7 /* ImageIO.framework in Frameworks */ = {isa = PBXBuildFile; fileRef = 62E068271BEC6856001455E7 /* ImageIO.framework */; };
		62EFDDFB1BFF848900D13D4C /* OctagonMask.png in Resources */ = {isa = PBXBuildFile; fileRef = 62EFDDFA1BFF848900D13D4C /* OctagonMask.png */; };
		62EFDDFD1BFF99BC00D13D4C /* check3.png in Resources */ = {isa = PBXBuildFile; fileRef = 62EFDDFC1BFF99BC00D13D4C /* check3.png */; };
/* End PBXBuildFile section */

/* Begin PBXContainerItemProxy section */
		427151BF1C0E2C9600DC380A /* PBXContainerItemProxy */ = {
			isa = PBXContainerItemProxy;
			containerPortal = 427151BA1C0E2C9500DC380A /* Toucan.xcodeproj */;
			proxyType = 2;
			remoteGlobalIDString = 740AC3EA1999799900AB9A86;
			remoteInfo = Toucan;
		};
		427151C11C0E2C9600DC380A /* PBXContainerItemProxy */ = {
			isa = PBXContainerItemProxy;
			containerPortal = 427151BA1C0E2C9500DC380A /* Toucan.xcodeproj */;
			proxyType = 2;
			remoteGlobalIDString = 740AC3F51999799900AB9A86;
			remoteInfo = ToucanTests;
		};
		427151C61C0E2CB100DC380A /* PBXContainerItemProxy */ = {
			isa = PBXContainerItemProxy;
			containerPortal = 427151BA1C0E2C9500DC380A /* Toucan.xcodeproj */;
			proxyType = 1;
			remoteGlobalIDString = 740AC3E91999799900AB9A86;
			remoteInfo = Toucan;
		};
		62127A721C10C268001950D2 /* PBXContainerItemProxy */ = {
			isa = PBXContainerItemProxy;
			containerPortal = 62127A6D1C10C268001950D2 /* Toucan.xcodeproj */;
			proxyType = 2;
			remoteGlobalIDString = 740AC3EA1999799900AB9A86;
			remoteInfo = Toucan;
		};
		62127A741C10C268001950D2 /* PBXContainerItemProxy */ = {
			isa = PBXContainerItemProxy;
			containerPortal = 62127A6D1C10C268001950D2 /* Toucan.xcodeproj */;
			proxyType = 2;
			remoteGlobalIDString = 740AC3F51999799900AB9A86;
			remoteInfo = ToucanTests;
		};
		627355BB1BD8079400F7124A /* PBXContainerItemProxy */ = {
			isa = PBXContainerItemProxy;
			containerPortal = 6273559E1BD8079400F7124A /* Project object */;
			proxyType = 1;
			remoteGlobalIDString = 627355A51BD8079400F7124A;
			remoteInfo = Tatari;
		};
		627355C61BD8079400F7124A /* PBXContainerItemProxy */ = {
			isa = PBXContainerItemProxy;
			containerPortal = 6273559E1BD8079400F7124A /* Project object */;
			proxyType = 1;
			remoteGlobalIDString = 627355A51BD8079400F7124A;
			remoteInfo = Tatari;
		};
/* End PBXContainerItemProxy section */

/* Begin PBXCopyFilesBuildPhase section */
		62C0972D1BFCFD6400312B1A /* Embed Frameworks */ = {
			isa = PBXCopyFilesBuildPhase;
			buildActionMask = 2147483647;
			dstPath = "";
			dstSubfolderSpec = 10;
			files = (
				427151C51C0E2CB100DC380A /* Toucan.framework in Embed Frameworks */,
			);
			name = "Embed Frameworks";
			runOnlyForDeploymentPostprocessing = 0;
		};
/* End PBXCopyFilesBuildPhase section */

/* Begin PBXFileReference section */
		3D1D7DE91C84A7F400DD2A36 /* TermsOfUseController.swift */ = {isa = PBXFileReference; fileEncoding = 4; lastKnownFileType = sourcecode.swift; path = TermsOfUseController.swift; sourceTree = "<group>"; };
		3D932BA61C1B184100404DAA /* Toucan.xcodeproj */ = {isa = PBXFileReference; lastKnownFileType = "wrapper.pb-project"; name = Toucan.xcodeproj; path = "../../Toucan-master/Toucan.xcodeproj"; sourceTree = "<group>"; };
		4201EE6E1BEE55440045CDC1 /* ConfigViewController.swift */ = {isa = PBXFileReference; fileEncoding = 4; lastKnownFileType = sourcecode.swift; path = ConfigViewController.swift; sourceTree = "<group>"; };
		420683001BED3A95003E4C84 /* personCell.xib */ = {isa = PBXFileReference; fileEncoding = 4; lastKnownFileType = file.xib; path = personCell.xib; sourceTree = "<group>"; };
		420683021BED3E15003E4C84 /* personTableViewCell.swift */ = {isa = PBXFileReference; fileEncoding = 4; lastKnownFileType = sourcecode.swift; name = personTableViewCell.swift; path = ../personTableViewCell.swift; sourceTree = "<group>"; };
		425324121C04E49100D4BB88 /* black_circle.png */ = {isa = PBXFileReference; lastKnownFileType = image.png; path = black_circle.png; sourceTree = "<group>"; };
		425324141C04E60100D4BB88 /* circle_mask.png */ = {isa = PBXFileReference; lastKnownFileType = image.png; path = circle_mask.png; sourceTree = "<group>"; };
		427151BA1C0E2C9500DC380A /* Toucan.xcodeproj */ = {isa = PBXFileReference; lastKnownFileType = "wrapper.pb-project"; name = Toucan.xcodeproj; path = "../../../../../Downloads/Toucan-master/Toucan.xcodeproj"; sourceTree = "<group>"; };
		427C42351BE2BE1700F3A219 /* AVFoundation.framework */ = {isa = PBXFileReference; lastKnownFileType = wrapper.framework; name = AVFoundation.framework; path = System/Library/Frameworks/AVFoundation.framework; sourceTree = SDKROOT; };
		42F4CFC61BDFE6E80098A62D /* feedCell.xib */ = {isa = PBXFileReference; fileEncoding = 4; lastKnownFileType = file.xib; name = feedCell.xib; path = ../feedCell.xib; sourceTree = "<group>"; };
		42F4CFC81BDFECAE0098A62D /* FeedTableViewCell.swift */ = {isa = PBXFileReference; fileEncoding = 4; lastKnownFileType = sourcecode.swift; path = FeedTableViewCell.swift; sourceTree = "<group>"; };
		42F4CFCA1BE0006D0098A62D /* votoCell.xib */ = {isa = PBXFileReference; fileEncoding = 4; lastKnownFileType = file.xib; path = votoCell.xib; sourceTree = "<group>"; };
		42F4CFCC1BE005520098A62D /* VotoTableViewCell.swift */ = {isa = PBXFileReference; fileEncoding = 4; lastKnownFileType = sourcecode.swift; path = VotoTableViewCell.swift; sourceTree = "<group>"; };
		42FA91871BEDB5BF00D3849E /* DesafiosViewController.swift */ = {isa = PBXFileReference; fileEncoding = 4; lastKnownFileType = sourcecode.swift; name = DesafiosViewController.swift; path = ../DesafiosViewController.swift; sourceTree = "<group>"; };
		42FC42EF1BF67D0E00E5AF51 /* Rodina-Regular.otf */ = {isa = PBXFileReference; lastKnownFileType = file; path = "Rodina-Regular.otf"; sourceTree = "<group>"; };
		62127A351C0F82CC001950D2 /* CoreMotion.framework */ = {isa = PBXFileReference; lastKnownFileType = wrapper.framework; name = CoreMotion.framework; path = System/Library/Frameworks/CoreMotion.framework; sourceTree = SDKROOT; };
		62127A371C0F82D5001950D2 /* AudioToolbox.framework */ = {isa = PBXFileReference; lastKnownFileType = wrapper.framework; name = AudioToolbox.framework; path = System/Library/Frameworks/AudioToolbox.framework; sourceTree = SDKROOT; };
		62127A391C0F82E5001950D2 /* MediaPlayer.framework */ = {isa = PBXFileReference; lastKnownFileType = wrapper.framework; name = MediaPlayer.framework; path = System/Library/Frameworks/MediaPlayer.framework; sourceTree = SDKROOT; };
		62127A3B1C0F82EC001950D2 /* MessageUI.framework */ = {isa = PBXFileReference; lastKnownFileType = wrapper.framework; name = MessageUI.framework; path = System/Library/Frameworks/MessageUI.framework; sourceTree = SDKROOT; };
		62127A401C10BA74001950D2 /* EstimoteSDK.framework */ = {isa = PBXFileReference; lastKnownFileType = wrapper.framework; path = EstimoteSDK.framework; sourceTree = "<group>"; };
		62127A441C10BA92001950D2 /* EILIndoorLocationManager.h */ = {isa = PBXFileReference; fileEncoding = 4; lastKnownFileType = sourcecode.c.h; path = EILIndoorLocationManager.h; sourceTree = "<group>"; };
		62127A451C10BA92001950D2 /* EILIndoorLocationView.h */ = {isa = PBXFileReference; fileEncoding = 4; lastKnownFileType = sourcecode.c.h; path = EILIndoorLocationView.h; sourceTree = "<group>"; };
		62127A461C10BA92001950D2 /* EILIndoorSDK.h */ = {isa = PBXFileReference; fileEncoding = 4; lastKnownFileType = sourcecode.c.h; path = EILIndoorSDK.h; sourceTree = "<group>"; };
		62127A471C10BA92001950D2 /* EILLocation.h */ = {isa = PBXFileReference; fileEncoding = 4; lastKnownFileType = sourcecode.c.h; path = EILLocation.h; sourceTree = "<group>"; };
		62127A481C10BA92001950D2 /* EILLocationBuilder.h */ = {isa = PBXFileReference; fileEncoding = 4; lastKnownFileType = sourcecode.c.h; path = EILLocationBuilder.h; sourceTree = "<group>"; };
		62127A491C10BA92001950D2 /* EILLocationLinearObject.h */ = {isa = PBXFileReference; fileEncoding = 4; lastKnownFileType = sourcecode.c.h; path = EILLocationLinearObject.h; sourceTree = "<group>"; };
		62127A4A1C10BA92001950D2 /* EILOrientedLineSegment.h */ = {isa = PBXFileReference; fileEncoding = 4; lastKnownFileType = sourcecode.c.h; path = EILOrientedLineSegment.h; sourceTree = "<group>"; };
		62127A4B1C10BA92001950D2 /* EILOrientedPoint.h */ = {isa = PBXFileReference; fileEncoding = 4; lastKnownFileType = sourcecode.c.h; path = EILOrientedPoint.h; sourceTree = "<group>"; };
		62127A4C1C10BA92001950D2 /* EILPoint.h */ = {isa = PBXFileReference; fileEncoding = 4; lastKnownFileType = sourcecode.c.h; path = EILPoint.h; sourceTree = "<group>"; };
		62127A4D1C10BA92001950D2 /* EILPositionedBeacon.h */ = {isa = PBXFileReference; fileEncoding = 4; lastKnownFileType = sourcecode.c.h; path = EILPositionedBeacon.h; sourceTree = "<group>"; };
		62127A4E1C10BA92001950D2 /* EILPositionView.h */ = {isa = PBXFileReference; fileEncoding = 4; lastKnownFileType = sourcecode.c.h; path = EILPositionView.h; sourceTree = "<group>"; };
		62127A4F1C10BA92001950D2 /* EILRequestAddLocation.h */ = {isa = PBXFileReference; fileEncoding = 4; lastKnownFileType = sourcecode.c.h; path = EILRequestAddLocation.h; sourceTree = "<group>"; };
		62127A501C10BA92001950D2 /* EILRequestFetchLocation.h */ = {isa = PBXFileReference; fileEncoding = 4; lastKnownFileType = sourcecode.c.h; path = EILRequestFetchLocation.h; sourceTree = "<group>"; };
		62127A511C10BA92001950D2 /* EILRequestFetchLocations.h */ = {isa = PBXFileReference; fileEncoding = 4; lastKnownFileType = sourcecode.c.h; path = EILRequestFetchLocations.h; sourceTree = "<group>"; };
		62127A521C10BA92001950D2 /* EILRequestFetchPublicLocations.h */ = {isa = PBXFileReference; fileEncoding = 4; lastKnownFileType = sourcecode.c.h; path = EILRequestFetchPublicLocations.h; sourceTree = "<group>"; };
		62127A531C10BA92001950D2 /* EILRequestRemoveLocation.h */ = {isa = PBXFileReference; fileEncoding = 4; lastKnownFileType = sourcecode.c.h; path = EILRequestRemoveLocation.h; sourceTree = "<group>"; };
		62127A541C10BA92001950D2 /* libEstimoteIndoorSDK.a */ = {isa = PBXFileReference; lastKnownFileType = archive.ar; path = libEstimoteIndoorSDK.a; sourceTree = "<group>"; };
		62127A561C10BA92001950D2 /* avatar.png */ = {isa = PBXFileReference; lastKnownFileType = image.png; path = avatar.png; sourceTree = "<group>"; };
		62127A571C10BA92001950D2 /* avatar@2x.png */ = {isa = PBXFileReference; lastKnownFileType = image.png; path = "avatar@2x.png"; sourceTree = "<group>"; };
		62127A581C10BA92001950D2 /* avatar@3x.png */ = {isa = PBXFileReference; lastKnownFileType = image.png; path = "avatar@3x.png"; sourceTree = "<group>"; };
		62127A591C10BA92001950D2 /* beacon_grey@2x.png */ = {isa = PBXFileReference; lastKnownFileType = image.png; path = "beacon_grey@2x.png"; sourceTree = "<group>"; };
		62127A5A1C10BA92001950D2 /* beaconBlueberrySmall.png */ = {isa = PBXFileReference; lastKnownFileType = image.png; path = beaconBlueberrySmall.png; sourceTree = "<group>"; };
		62127A5B1C10BA92001950D2 /* beaconBlueberrySmall@2x.png */ = {isa = PBXFileReference; lastKnownFileType = image.png; path = "beaconBlueberrySmall@2x.png"; sourceTree = "<group>"; };
		62127A5C1C10BA92001950D2 /* beaconIcySmall.png */ = {isa = PBXFileReference; lastKnownFileType = image.png; path = beaconIcySmall.png; sourceTree = "<group>"; };
		62127A5D1C10BA92001950D2 /* beaconIcySmall@2x.png */ = {isa = PBXFileReference; lastKnownFileType = image.png; path = "beaconIcySmall@2x.png"; sourceTree = "<group>"; };
		62127A5E1C10BA92001950D2 /* beaconMintSmall.png */ = {isa = PBXFileReference; lastKnownFileType = image.png; path = beaconMintSmall.png; sourceTree = "<group>"; };
		62127A5F1C10BA92001950D2 /* beaconMintSmall@2x.png */ = {isa = PBXFileReference; lastKnownFileType = image.png; path = "beaconMintSmall@2x.png"; sourceTree = "<group>"; };
		62127A6D1C10C268001950D2 /* Toucan.xcodeproj */ = {isa = PBXFileReference; lastKnownFileType = "wrapper.pb-project"; name = Toucan.xcodeproj; path = "../../../Downloads/Toucan-master 2/Toucan.xcodeproj"; sourceTree = "<group>"; };
		623DA9E71BDB39D000BCBFF4 /* FeedController.swift */ = {isa = PBXFileReference; fileEncoding = 4; lastKnownFileType = sourcecode.swift; path = FeedController.swift; sourceTree = "<group>"; };
		623DA9EB1BDB4EE400BCBFF4 /* SwiftyJSON.swift */ = {isa = PBXFileReference; fileEncoding = 4; lastKnownFileType = sourcecode.swift; path = SwiftyJSON.swift; sourceTree = "<group>"; };
		627355A61BD8079400F7124A /* Tatari.app */ = {isa = PBXFileReference; explicitFileType = wrapper.application; includeInIndex = 0; path = Tatari.app; sourceTree = BUILT_PRODUCTS_DIR; };
		627355A91BD8079400F7124A /* AppDelegate.swift */ = {isa = PBXFileReference; lastKnownFileType = sourcecode.swift; path = AppDelegate.swift; sourceTree = "<group>"; };
		627355AB1BD8079400F7124A /* ViewController.swift */ = {isa = PBXFileReference; lastKnownFileType = sourcecode.swift; path = ViewController.swift; sourceTree = "<group>"; };
		627355AE1BD8079400F7124A /* Base */ = {isa = PBXFileReference; lastKnownFileType = file.storyboard; name = Base; path = Base.lproj/Main.storyboard; sourceTree = "<group>"; };
		627355B01BD8079400F7124A /* Assets.xcassets */ = {isa = PBXFileReference; lastKnownFileType = folder.assetcatalog; path = Assets.xcassets; sourceTree = "<group>"; };
		627355B31BD8079400F7124A /* Base */ = {isa = PBXFileReference; lastKnownFileType = file.storyboard; name = Base; path = Base.lproj/LaunchScreen.storyboard; sourceTree = "<group>"; };
		627355B51BD8079400F7124A /* Info.plist */ = {isa = PBXFileReference; lastKnownFileType = text.plist.xml; path = Info.plist; sourceTree = "<group>"; };
		627355BA1BD8079400F7124A /* TatariTests.xctest */ = {isa = PBXFileReference; explicitFileType = wrapper.cfbundle; includeInIndex = 0; path = TatariTests.xctest; sourceTree = BUILT_PRODUCTS_DIR; };
		627355BE1BD8079400F7124A /* TatariTests.swift */ = {isa = PBXFileReference; lastKnownFileType = sourcecode.swift; path = TatariTests.swift; sourceTree = "<group>"; };
		627355C01BD8079400F7124A /* Info.plist */ = {isa = PBXFileReference; lastKnownFileType = text.plist.xml; path = Info.plist; sourceTree = "<group>"; };
		627355C51BD8079400F7124A /* TatariUITests.xctest */ = {isa = PBXFileReference; explicitFileType = wrapper.cfbundle; includeInIndex = 0; path = TatariUITests.xctest; sourceTree = BUILT_PRODUCTS_DIR; };
		627355C91BD8079400F7124A /* TatariUITests.swift */ = {isa = PBXFileReference; lastKnownFileType = sourcecode.swift; path = TatariUITests.swift; sourceTree = "<group>"; };
		627355CB1BD8079400F7124A /* Info.plist */ = {isa = PBXFileReference; lastKnownFileType = text.plist.xml; path = Info.plist; sourceTree = "<group>"; };
		627355DE1BD80CAA00F7124A /* FBSDKCoreKit.framework */ = {isa = PBXFileReference; lastKnownFileType = wrapper.framework; path = FBSDKCoreKit.framework; sourceTree = "<group>"; };
		627355DF1BD80CAA00F7124A /* FBSDKLoginKit.framework */ = {isa = PBXFileReference; lastKnownFileType = wrapper.framework; path = FBSDKLoginKit.framework; sourceTree = "<group>"; };
		627355E21BD80CC700F7124A /* Bridging-Header.h */ = {isa = PBXFileReference; lastKnownFileType = sourcecode.c.h; name = "Bridging-Header.h"; path = "../Bridging-Header.h"; sourceTree = "<group>"; };
		627355E31BD80DAD00F7124A /* Bolts.framework */ = {isa = PBXFileReference; lastKnownFileType = wrapper.framework; path = Bolts.framework; sourceTree = "<group>"; };
		627355E91BD813DC00F7124A /* MainController.swift */ = {isa = PBXFileReference; fileEncoding = 4; lastKnownFileType = sourcecode.swift; name = MainController.swift; path = ../MainController.swift; sourceTree = "<group>"; };
		62939ECF1BDC488600CAB491 /* VoteController.swift */ = {isa = PBXFileReference; fileEncoding = 4; lastKnownFileType = sourcecode.swift; path = VoteController.swift; sourceTree = "<group>"; };
		62939ED11BDD39F300CAB491 /* SearchController.swift */ = {isa = PBXFileReference; fileEncoding = 4; lastKnownFileType = sourcecode.swift; path = SearchController.swift; sourceTree = "<group>"; };
		62E068211BEC668C001455E7 /* libz.tbd */ = {isa = PBXFileReference; lastKnownFileType = "sourcecode.text-based-dylib-definition"; name = libz.tbd; path = usr/lib/libz.tbd; sourceTree = SDKROOT; };
		62E068231BEC6782001455E7 /* libstdc++.tbd */ = {isa = PBXFileReference; lastKnownFileType = "sourcecode.text-based-dylib-definition"; name = "libstdc++.tbd"; path = "usr/lib/libstdc++.tbd"; sourceTree = SDKROOT; };
		62E068251BEC6834001455E7 /* SystemConfiguration.framework */ = {isa = PBXFileReference; lastKnownFileType = wrapper.framework; name = SystemConfiguration.framework; path = System/Library/Frameworks/SystemConfiguration.framework; sourceTree = SDKROOT; };
		62E068271BEC6856001455E7 /* ImageIO.framework */ = {isa = PBXFileReference; lastKnownFileType = wrapper.framework; name = ImageIO.framework; path = System/Library/Frameworks/ImageIO.framework; sourceTree = SDKROOT; };
		62EFDDFA1BFF848900D13D4C /* OctagonMask.png */ = {isa = PBXFileReference; lastKnownFileType = image.png; path = OctagonMask.png; sourceTree = "<group>"; };
		62EFDDFC1BFF99BC00D13D4C /* check3.png */ = {isa = PBXFileReference; lastKnownFileType = image.png; path = check3.png; sourceTree = "<group>"; };
/* End PBXFileReference section */

/* Begin PBXFrameworksBuildPhase section */
		627355A31BD8079400F7124A /* Frameworks */ = {
			isa = PBXFrameworksBuildPhase;
			buildActionMask = 2147483647;
			files = (
				62E068221BEC668C001455E7 /* libz.tbd in Frameworks */,
				62127A3C1C0F82EC001950D2 /* MessageUI.framework in Frameworks */,
				62127A3A1C0F82E5001950D2 /* MediaPlayer.framework in Frameworks */,
				62127A601C10BA92001950D2 /* libEstimoteIndoorSDK.a in Frameworks */,
				62127A381C0F82D5001950D2 /* AudioToolbox.framework in Frameworks */,
				62127A361C0F82CC001950D2 /* CoreMotion.framework in Frameworks */,
				62E068281BEC6856001455E7 /* ImageIO.framework in Frameworks */,
				62E068261BEC6834001455E7 /* SystemConfiguration.framework in Frameworks */,
				62E068241BEC6782001455E7 /* libstdc++.tbd in Frameworks */,
				427C42361BE2BE1700F3A219 /* AVFoundation.framework in Frameworks */,
				627355E41BD80DAD00F7124A /* Bolts.framework in Frameworks */,
				627355E11BD80CAA00F7124A /* FBSDKLoginKit.framework in Frameworks */,
				62127A411C10BA74001950D2 /* EstimoteSDK.framework in Frameworks */,
				627355E01BD80CAA00F7124A /* FBSDKCoreKit.framework in Frameworks */,
			);
			runOnlyForDeploymentPostprocessing = 0;
		};
		627355B71BD8079400F7124A /* Frameworks */ = {
			isa = PBXFrameworksBuildPhase;
			buildActionMask = 2147483647;
			files = (
			);
			runOnlyForDeploymentPostprocessing = 0;
		};
		627355C21BD8079400F7124A /* Frameworks */ = {
			isa = PBXFrameworksBuildPhase;
			buildActionMask = 2147483647;
			files = (
			);
			runOnlyForDeploymentPostprocessing = 0;
		};
/* End PBXFrameworksBuildPhase section */

/* Begin PBXGroup section */
		427151BB1C0E2C9500DC380A /* Products */ = {
			isa = PBXGroup;
			children = (
				427151C01C0E2C9600DC380A /* Toucan.framework */,
				427151C21C0E2C9600DC380A /* ToucanTests.xctest */,
			);
			name = Products;
			sourceTree = "<group>";
		};
		42FC42ED1BF66D8900E5AF51 /* Controllers */ = {
			isa = PBXGroup;
			children = (
				627355E91BD813DC00F7124A /* MainController.swift */,
				42FA91871BEDB5BF00D3849E /* DesafiosViewController.swift */,
				627355AB1BD8079400F7124A /* ViewController.swift */,
				4201EE6E1BEE55440045CDC1 /* ConfigViewController.swift */,
				62939ED11BDD39F300CAB491 /* SearchController.swift */,
				62939ECF1BDC488600CAB491 /* VoteController.swift */,
				623DA9E71BDB39D000BCBFF4 /* FeedController.swift */,
				3D1D7DE91C84A7F400DD2A36 /* TermsOfUseController.swift */,
			);
			name = Controllers;
			sourceTree = "<group>";
		};
		42FC42EE1BF66DA700E5AF51 /* Cells */ = {
			isa = PBXGroup;
			children = (
				42F4CFC61BDFE6E80098A62D /* feedCell.xib */,
				420683001BED3A95003E4C84 /* personCell.xib */,
				42F4CFCA1BE0006D0098A62D /* votoCell.xib */,
				42F4CFC81BDFECAE0098A62D /* FeedTableViewCell.swift */,
				420683021BED3E15003E4C84 /* personTableViewCell.swift */,
				42F4CFCC1BE005520098A62D /* VotoTableViewCell.swift */,
			);
			name = Cells;
			sourceTree = "<group>";
		};
		62127A421C10BA92001950D2 /* EstimoteIndoorLocationSDK */ = {
			isa = PBXGroup;
			children = (
				62127A431C10BA92001950D2 /* Headers */,
				62127A541C10BA92001950D2 /* libEstimoteIndoorSDK.a */,
				62127A551C10BA92001950D2 /* Resources */,
			);
			path = EstimoteIndoorLocationSDK;
			sourceTree = "<group>";
		};
		62127A431C10BA92001950D2 /* Headers */ = {
			isa = PBXGroup;
			children = (
				62127A441C10BA92001950D2 /* EILIndoorLocationManager.h */,
				62127A451C10BA92001950D2 /* EILIndoorLocationView.h */,
				62127A461C10BA92001950D2 /* EILIndoorSDK.h */,
				62127A471C10BA92001950D2 /* EILLocation.h */,
				62127A481C10BA92001950D2 /* EILLocationBuilder.h */,
				62127A491C10BA92001950D2 /* EILLocationLinearObject.h */,
				62127A4A1C10BA92001950D2 /* EILOrientedLineSegment.h */,
				62127A4B1C10BA92001950D2 /* EILOrientedPoint.h */,
				62127A4C1C10BA92001950D2 /* EILPoint.h */,
				62127A4D1C10BA92001950D2 /* EILPositionedBeacon.h */,
				62127A4E1C10BA92001950D2 /* EILPositionView.h */,
				62127A4F1C10BA92001950D2 /* EILRequestAddLocation.h */,
				62127A501C10BA92001950D2 /* EILRequestFetchLocation.h */,
				62127A511C10BA92001950D2 /* EILRequestFetchLocations.h */,
				62127A521C10BA92001950D2 /* EILRequestFetchPublicLocations.h */,
				62127A531C10BA92001950D2 /* EILRequestRemoveLocation.h */,
			);
			path = Headers;
			sourceTree = "<group>";
		};
		62127A551C10BA92001950D2 /* Resources */ = {
			isa = PBXGroup;
			children = (
				62127A561C10BA92001950D2 /* avatar.png */,
				62127A571C10BA92001950D2 /* avatar@2x.png */,
				62127A581C10BA92001950D2 /* avatar@3x.png */,
				62127A591C10BA92001950D2 /* beacon_grey@2x.png */,
				62127A5A1C10BA92001950D2 /* beaconBlueberrySmall.png */,
				62127A5B1C10BA92001950D2 /* beaconBlueberrySmall@2x.png */,
				62127A5C1C10BA92001950D2 /* beaconIcySmall.png */,
				62127A5D1C10BA92001950D2 /* beaconIcySmall@2x.png */,
				62127A5E1C10BA92001950D2 /* beaconMintSmall.png */,
				62127A5F1C10BA92001950D2 /* beaconMintSmall@2x.png */,
			);
			path = Resources;
			sourceTree = "<group>";
		};
		62127A6E1C10C268001950D2 /* Products */ = {
			isa = PBXGroup;
			children = (
				62127A731C10C268001950D2 /* Toucan.framework */,
				62127A751C10C268001950D2 /* ToucanTests.xctest */,
			);
			name = Products;
			sourceTree = "<group>";
		};
		6273559D1BD8079400F7124A = {
			isa = PBXGroup;
			children = (
				627355A81BD8079400F7124A /* Tatari */,
				627355BD1BD8079400F7124A /* TatariTests */,
				627355C81BD8079400F7124A /* TatariUITests */,
				627355A71BD8079400F7124A /* Products */,
			);
			sourceTree = "<group>";
		};
		627355A71BD8079400F7124A /* Products */ = {
			isa = PBXGroup;
			children = (
				627355A61BD8079400F7124A /* Tatari.app */,
				627355BA1BD8079400F7124A /* TatariTests.xctest */,
				627355C51BD8079400F7124A /* TatariUITests.xctest */,
			);
			name = Products;
			sourceTree = "<group>";
		};
		627355A81BD8079400F7124A /* Tatari */ = {
			isa = PBXGroup;
			children = (
				627355DB1BD80B3E00F7124A /* Frameworks */,
				627355A91BD8079400F7124A /* AppDelegate.swift */,
				627355E21BD80CC700F7124A /* Bridging-Header.h */,
				42FC42ED1BF66D8900E5AF51 /* Controllers */,
				42FC42EE1BF66DA700E5AF51 /* Cells */,
				627355AD1BD8079400F7124A /* Main.storyboard */,
				627355B01BD8079400F7124A /* Assets.xcassets */,
				425324121C04E49100D4BB88 /* black_circle.png */,
				425324141C04E60100D4BB88 /* circle_mask.png */,
				62EFDDFC1BFF99BC00D13D4C /* check3.png */,
				62EFDDFA1BFF848900D13D4C /* OctagonMask.png */,
				627355B21BD8079400F7124A /* LaunchScreen.storyboard */,
				627355B51BD8079400F7124A /* Info.plist */,
				42FC42EF1BF67D0E00E5AF51 /* Rodina-Regular.otf */,
			);
			path = Tatari;
			sourceTree = "<group>";
		};
		627355BD1BD8079400F7124A /* TatariTests */ = {
			isa = PBXGroup;
			children = (
				627355BE1BD8079400F7124A /* TatariTests.swift */,
				627355C01BD8079400F7124A /* Info.plist */,
			);
			path = TatariTests;
			sourceTree = "<group>";
		};
		627355C81BD8079400F7124A /* TatariUITests */ = {
			isa = PBXGroup;
			children = (
				627355C91BD8079400F7124A /* TatariUITests.swift */,
				627355CB1BD8079400F7124A /* Info.plist */,
			);
			path = TatariUITests;
			sourceTree = "<group>";
		};
		627355DB1BD80B3E00F7124A /* Frameworks */ = {
			isa = PBXGroup;
			children = (
				62127A6D1C10C268001950D2 /* Toucan.xcodeproj */,
				62127A421C10BA92001950D2 /* EstimoteIndoorLocationSDK */,
				62127A401C10BA74001950D2 /* EstimoteSDK.framework */,
				62127A3B1C0F82EC001950D2 /* MessageUI.framework */,
				62127A391C0F82E5001950D2 /* MediaPlayer.framework */,
				62127A371C0F82D5001950D2 /* AudioToolbox.framework */,
				62127A351C0F82CC001950D2 /* CoreMotion.framework */,
				62E068271BEC6856001455E7 /* ImageIO.framework */,
				62E068251BEC6834001455E7 /* SystemConfiguration.framework */,
				62E068231BEC6782001455E7 /* libstdc++.tbd */,
				62E068211BEC668C001455E7 /* libz.tbd */,
				427C42351BE2BE1700F3A219 /* AVFoundation.framework */,
				623DA9EB1BDB4EE400BCBFF4 /* SwiftyJSON.swift */,
				627355E31BD80DAD00F7124A /* Bolts.framework */,
				627355DE1BD80CAA00F7124A /* FBSDKCoreKit.framework */,
				627355DF1BD80CAA00F7124A /* FBSDKLoginKit.framework */,
			);
			name = Frameworks;
			sourceTree = "<group>";
		};
/* End PBXGroup section */

/* Begin PBXNativeTarget section */
		627355A51BD8079400F7124A /* Tatari */ = {
			isa = PBXNativeTarget;
			buildConfigurationList = 627355CE1BD8079400F7124A /* Build configuration list for PBXNativeTarget "Tatari" */;
			buildPhases = (
				627355A21BD8079400F7124A /* Sources */,
				627355A31BD8079400F7124A /* Frameworks */,
				627355A41BD8079400F7124A /* Resources */,
				62C0972D1BFCFD6400312B1A /* Embed Frameworks */,
			);
			buildRules = (
			);
			dependencies = (
				427151C71C0E2CB100DC380A /* PBXTargetDependency */,
			);
			name = Tatari;
			productName = Tatari;
			productReference = 627355A61BD8079400F7124A /* Tatari.app */;
			productType = "com.apple.product-type.application";
		};
		627355B91BD8079400F7124A /* TatariTests */ = {
			isa = PBXNativeTarget;
			buildConfigurationList = 627355D11BD8079400F7124A /* Build configuration list for PBXNativeTarget "TatariTests" */;
			buildPhases = (
				627355B61BD8079400F7124A /* Sources */,
				627355B71BD8079400F7124A /* Frameworks */,
				627355B81BD8079400F7124A /* Resources */,
			);
			buildRules = (
			);
			dependencies = (
				627355BC1BD8079400F7124A /* PBXTargetDependency */,
			);
			name = TatariTests;
			productName = TatariTests;
			productReference = 627355BA1BD8079400F7124A /* TatariTests.xctest */;
			productType = "com.apple.product-type.bundle.unit-test";
		};
		627355C41BD8079400F7124A /* TatariUITests */ = {
			isa = PBXNativeTarget;
			buildConfigurationList = 627355D41BD8079400F7124A /* Build configuration list for PBXNativeTarget "TatariUITests" */;
			buildPhases = (
				627355C11BD8079400F7124A /* Sources */,
				627355C21BD8079400F7124A /* Frameworks */,
				627355C31BD8079400F7124A /* Resources */,
			);
			buildRules = (
			);
			dependencies = (
				627355C71BD8079400F7124A /* PBXTargetDependency */,
			);
			name = TatariUITests;
			productName = TatariUITests;
			productReference = 627355C51BD8079400F7124A /* TatariUITests.xctest */;
			productType = "com.apple.product-type.bundle.ui-testing";
		};
/* End PBXNativeTarget section */

/* Begin PBXProject section */
		6273559E1BD8079400F7124A /* Project object */ = {
			isa = PBXProject;
			attributes = {
				LastSwiftUpdateCheck = 0710;
				LastUpgradeCheck = 0700;
				ORGANIZATIONNAME = "Caio Araújo";
				TargetAttributes = {
					627355A51BD8079400F7124A = {
						CreatedOnToolsVersion = 7.0;
						DevelopmentTeam = EHBSXGFU8H;
						SystemCapabilities = {
							com.apple.BackgroundModes = {
								enabled = 1;
							};
							com.apple.Push = {
								enabled = 0;
							};
						};
					};
					627355B91BD8079400F7124A = {
						CreatedOnToolsVersion = 7.0;
						TestTargetID = 627355A51BD8079400F7124A;
					};
					627355C41BD8079400F7124A = {
						CreatedOnToolsVersion = 7.0;
						TestTargetID = 627355A51BD8079400F7124A;
					};
				};
			};
			buildConfigurationList = 627355A11BD8079400F7124A /* Build configuration list for PBXProject "Tatari" */;
			compatibilityVersion = "Xcode 3.2";
			developmentRegion = English;
			hasScannedForEncodings = 0;
			knownRegions = (
				en,
				Base,
			);
			mainGroup = 6273559D1BD8079400F7124A;
			productRefGroup = 627355A71BD8079400F7124A /* Products */;
			projectDirPath = "";
			projectReferences = (
				{
					ProductGroup = 62127A6E1C10C268001950D2 /* Products */;
					ProjectRef = 62127A6D1C10C268001950D2 /* Toucan.xcodeproj */;
				},
				{
					ProductGroup = 427151BB1C0E2C9500DC380A /* Products */;
					ProjectRef = 427151BA1C0E2C9500DC380A /* Toucan.xcodeproj */;
				},
			);
			projectRoot = "";
			targets = (
				627355A51BD8079400F7124A /* Tatari */,
				627355B91BD8079400F7124A /* TatariTests */,
				627355C41BD8079400F7124A /* TatariUITests */,
			);
		};
/* End PBXProject section */

/* Begin PBXReferenceProxy section */
		427151C01C0E2C9600DC380A /* Toucan.framework */ = {
			isa = PBXReferenceProxy;
			fileType = wrapper.framework;
			path = Toucan.framework;
			remoteRef = 427151BF1C0E2C9600DC380A /* PBXContainerItemProxy */;
			sourceTree = BUILT_PRODUCTS_DIR;
		};
		427151C21C0E2C9600DC380A /* ToucanTests.xctest */ = {
			isa = PBXReferenceProxy;
			fileType = wrapper.cfbundle;
			path = ToucanTests.xctest;
			remoteRef = 427151C11C0E2C9600DC380A /* PBXContainerItemProxy */;
			sourceTree = BUILT_PRODUCTS_DIR;
		};
		62127A731C10C268001950D2 /* Toucan.framework */ = {
			isa = PBXReferenceProxy;
			fileType = wrapper.framework;
			path = Toucan.framework;
			remoteRef = 62127A721C10C268001950D2 /* PBXContainerItemProxy */;
			sourceTree = BUILT_PRODUCTS_DIR;
		};
		62127A751C10C268001950D2 /* ToucanTests.xctest */ = {
			isa = PBXReferenceProxy;
			fileType = wrapper.cfbundle;
			path = ToucanTests.xctest;
			remoteRef = 62127A741C10C268001950D2 /* PBXContainerItemProxy */;
			sourceTree = BUILT_PRODUCTS_DIR;
		};
/* End PBXReferenceProxy section */

/* Begin PBXResourcesBuildPhase section */
		627355A41BD8079400F7124A /* Resources */ = {
			isa = PBXResourcesBuildPhase;
			buildActionMask = 2147483647;
			files = (
				62127A611C10BA92001950D2 /* avatar.png in Resources */,
				62127A641C10BA92001950D2 /* beacon_grey@2x.png in Resources */,
				42FC42F01BF67F2300E5AF51 /* Rodina-Regular.otf in Resources */,
				62127A631C10BA92001950D2 /* avatar@3x.png in Resources */,
				627355B41BD8079400F7124A /* LaunchScreen.storyboard in Resources */,
				62127A681C10BA92001950D2 /* beaconIcySmall@2x.png in Resources */,
				62EFDDFB1BFF848900D13D4C /* OctagonMask.png in Resources */,
				425324151C04E60100D4BB88 /* circle_mask.png in Resources */,
				42F4CFC71BDFE6E80098A62D /* feedCell.xib in Resources */,
				62127A651C10BA92001950D2 /* beaconBlueberrySmall.png in Resources */,
				627355B11BD8079400F7124A /* Assets.xcassets in Resources */,
				627355AF1BD8079400F7124A /* Main.storyboard in Resources */,
				420683011BED3A95003E4C84 /* personCell.xib in Resources */,
				62EFDDFD1BFF99BC00D13D4C /* check3.png in Resources */,
				42F4CFCB1BE0006D0098A62D /* votoCell.xib in Resources */,
				62127A691C10BA92001950D2 /* beaconMintSmall.png in Resources */,
				62127A621C10BA92001950D2 /* avatar@2x.png in Resources */,
				62127A671C10BA92001950D2 /* beaconIcySmall.png in Resources */,
				62127A6A1C10BA92001950D2 /* beaconMintSmall@2x.png in Resources */,
				62127A661C10BA92001950D2 /* beaconBlueberrySmall@2x.png in Resources */,
				425324131C04E49100D4BB88 /* black_circle.png in Resources */,
			);
			runOnlyForDeploymentPostprocessing = 0;
		};
		627355B81BD8079400F7124A /* Resources */ = {
			isa = PBXResourcesBuildPhase;
			buildActionMask = 2147483647;
			files = (
			);
			runOnlyForDeploymentPostprocessing = 0;
		};
		627355C31BD8079400F7124A /* Resources */ = {
			isa = PBXResourcesBuildPhase;
			buildActionMask = 2147483647;
			files = (
			);
			runOnlyForDeploymentPostprocessing = 0;
		};
/* End PBXResourcesBuildPhase section */

/* Begin PBXSourcesBuildPhase section */
		627355A21BD8079400F7124A /* Sources */ = {
			isa = PBXSourcesBuildPhase;
			buildActionMask = 2147483647;
			files = (
				627355AC1BD8079400F7124A /* ViewController.swift in Sources */,
				42F4CFC91BDFECAE0098A62D /* FeedTableViewCell.swift in Sources */,
				4201EE6F1BEE55440045CDC1 /* ConfigViewController.swift in Sources */,
				627355EA1BD813DC00F7124A /* MainController.swift in Sources */,
				627355AA1BD8079400F7124A /* AppDelegate.swift in Sources */,
				62939ED21BDD39F300CAB491 /* SearchController.swift in Sources */,
				62939ED01BDC488600CAB491 /* VoteController.swift in Sources */,
				623DA9EC1BDB4EE400BCBFF4 /* SwiftyJSON.swift in Sources */,
				42F4CFCD1BE005520098A62D /* VotoTableViewCell.swift in Sources */,
				3D1D7DEA1C84A7F400DD2A36 /* TermsOfUseController.swift in Sources */,
				42FA91881BEDB5BF00D3849E /* DesafiosViewController.swift in Sources */,
				420683031BED3E15003E4C84 /* personTableViewCell.swift in Sources */,
				623DA9E81BDB39D000BCBFF4 /* FeedController.swift in Sources */,
			);
			runOnlyForDeploymentPostprocessing = 0;
		};
		627355B61BD8079400F7124A /* Sources */ = {
			isa = PBXSourcesBuildPhase;
			buildActionMask = 2147483647;
			files = (
				627355BF1BD8079400F7124A /* TatariTests.swift in Sources */,
			);
			runOnlyForDeploymentPostprocessing = 0;
		};
		627355C11BD8079400F7124A /* Sources */ = {
			isa = PBXSourcesBuildPhase;
			buildActionMask = 2147483647;
			files = (
				627355CA1BD8079400F7124A /* TatariUITests.swift in Sources */,
			);
			runOnlyForDeploymentPostprocessing = 0;
		};
/* End PBXSourcesBuildPhase section */

/* Begin PBXTargetDependency section */
		427151C71C0E2CB100DC380A /* PBXTargetDependency */ = {
			isa = PBXTargetDependency;
			name = Toucan;
			targetProxy = 427151C61C0E2CB100DC380A /* PBXContainerItemProxy */;
		};
		627355BC1BD8079400F7124A /* PBXTargetDependency */ = {
			isa = PBXTargetDependency;
			target = 627355A51BD8079400F7124A /* Tatari */;
			targetProxy = 627355BB1BD8079400F7124A /* PBXContainerItemProxy */;
		};
		627355C71BD8079400F7124A /* PBXTargetDependency */ = {
			isa = PBXTargetDependency;
			target = 627355A51BD8079400F7124A /* Tatari */;
			targetProxy = 627355C61BD8079400F7124A /* PBXContainerItemProxy */;
		};
/* End PBXTargetDependency section */

/* Begin PBXVariantGroup section */
		627355AD1BD8079400F7124A /* Main.storyboard */ = {
			isa = PBXVariantGroup;
			children = (
				627355AE1BD8079400F7124A /* Base */,
			);
			name = Main.storyboard;
			sourceTree = "<group>";
		};
		627355B21BD8079400F7124A /* LaunchScreen.storyboard */ = {
			isa = PBXVariantGroup;
			children = (
				627355B31BD8079400F7124A /* Base */,
			);
			name = LaunchScreen.storyboard;
			sourceTree = "<group>";
		};
/* End PBXVariantGroup section */

/* Begin XCBuildConfiguration section */
		627355CC1BD8079400F7124A /* Debug */ = {
			isa = XCBuildConfiguration;
			buildSettings = {
				ALWAYS_SEARCH_USER_PATHS = NO;
				CLANG_CXX_LANGUAGE_STANDARD = "gnu++0x";
				CLANG_CXX_LIBRARY = "libc++";
				CLANG_ENABLE_MODULES = YES;
				CLANG_ENABLE_OBJC_ARC = YES;
				CLANG_WARN_BOOL_CONVERSION = YES;
				CLANG_WARN_CONSTANT_CONVERSION = YES;
				CLANG_WARN_DIRECT_OBJC_ISA_USAGE = YES_ERROR;
				CLANG_WARN_EMPTY_BODY = YES;
				CLANG_WARN_ENUM_CONVERSION = YES;
				CLANG_WARN_INT_CONVERSION = YES;
				CLANG_WARN_OBJC_ROOT_CLASS = YES_ERROR;
				CLANG_WARN_UNREACHABLE_CODE = YES;
				CLANG_WARN__DUPLICATE_METHOD_MATCH = YES;
				"CODE_SIGN_IDENTITY[sdk=iphoneos*]" = "iPhone Developer";
				COPY_PHASE_STRIP = NO;
				DEBUG_INFORMATION_FORMAT = dwarf;
				ENABLE_STRICT_OBJC_MSGSEND = YES;
				ENABLE_TESTABILITY = YES;
				GCC_C_LANGUAGE_STANDARD = gnu99;
				GCC_DYNAMIC_NO_PIC = NO;
				GCC_NO_COMMON_BLOCKS = YES;
				GCC_OPTIMIZATION_LEVEL = 0;
				GCC_PREPROCESSOR_DEFINITIONS = (
					"DEBUG=1",
					"$(inherited)",
				);
				GCC_WARN_64_TO_32_BIT_CONVERSION = YES;
				GCC_WARN_ABOUT_RETURN_TYPE = YES_ERROR;
				GCC_WARN_UNDECLARED_SELECTOR = YES;
				GCC_WARN_UNINITIALIZED_AUTOS = YES_AGGRESSIVE;
				GCC_WARN_UNUSED_FUNCTION = YES;
				GCC_WARN_UNUSED_VARIABLE = YES;
				IPHONEOS_DEPLOYMENT_TARGET = 9.0;
				MTL_ENABLE_DEBUG_INFO = YES;
				ONLY_ACTIVE_ARCH = YES;
				SDKROOT = iphoneos;
				SWIFT_OPTIMIZATION_LEVEL = "-Onone";
			};
			name = Debug;
		};
		627355CD1BD8079400F7124A /* Release */ = {
			isa = XCBuildConfiguration;
			buildSettings = {
				ALWAYS_SEARCH_USER_PATHS = NO;
				CLANG_CXX_LANGUAGE_STANDARD = "gnu++0x";
				CLANG_CXX_LIBRARY = "libc++";
				CLANG_ENABLE_MODULES = YES;
				CLANG_ENABLE_OBJC_ARC = YES;
				CLANG_WARN_BOOL_CONVERSION = YES;
				CLANG_WARN_CONSTANT_CONVERSION = YES;
				CLANG_WARN_DIRECT_OBJC_ISA_USAGE = YES_ERROR;
				CLANG_WARN_EMPTY_BODY = YES;
				CLANG_WARN_ENUM_CONVERSION = YES;
				CLANG_WARN_INT_CONVERSION = YES;
				CLANG_WARN_OBJC_ROOT_CLASS = YES_ERROR;
				CLANG_WARN_UNREACHABLE_CODE = YES;
				CLANG_WARN__DUPLICATE_METHOD_MATCH = YES;
				"CODE_SIGN_IDENTITY[sdk=iphoneos*]" = "iPhone Developer";
				COPY_PHASE_STRIP = NO;
				DEBUG_INFORMATION_FORMAT = "dwarf-with-dsym";
				ENABLE_NS_ASSERTIONS = NO;
				ENABLE_STRICT_OBJC_MSGSEND = YES;
				GCC_C_LANGUAGE_STANDARD = gnu99;
				GCC_NO_COMMON_BLOCKS = YES;
				GCC_WARN_64_TO_32_BIT_CONVERSION = YES;
				GCC_WARN_ABOUT_RETURN_TYPE = YES_ERROR;
				GCC_WARN_UNDECLARED_SELECTOR = YES;
				GCC_WARN_UNINITIALIZED_AUTOS = YES_AGGRESSIVE;
				GCC_WARN_UNUSED_FUNCTION = YES;
				GCC_WARN_UNUSED_VARIABLE = YES;
				IPHONEOS_DEPLOYMENT_TARGET = 9.0;
				MTL_ENABLE_DEBUG_INFO = NO;
				SDKROOT = iphoneos;
				VALIDATE_PRODUCT = YES;
			};
			name = Release;
		};
		627355CF1BD8079400F7124A /* Debug */ = {
			isa = XCBuildConfiguration;
			buildSettings = {
				ASSETCATALOG_COMPILER_APPICON_NAME = AppIcon;
				CLANG_ENABLE_MODULES = YES;
				CODE_SIGN_IDENTITY = "iPhone Developer";
				"CODE_SIGN_IDENTITY[sdk=iphoneos*]" = "iPhone Developer";
				EMBEDDED_CONTENT_CONTAINS_SWIFT = YES;
				ENABLE_BITCODE = NO;
				FRAMEWORK_SEARCH_PATHS = (
					"$(inherited)",
					"$(PROJECT_DIR)/Tatari",
				);
				INFOPLIST_FILE = Tatari/Info.plist;
				IPHONEOS_DEPLOYMENT_TARGET = 9.0;
				LD_RUNPATH_SEARCH_PATHS = "$(inherited) @executable_path/Frameworks";
				PRODUCT_BUNDLE_IDENTIFIER = br.ufpe.cla.Tatari;
				PRODUCT_NAME = "$(TARGET_NAME)";
				PROVISIONING_PROFILE = "";
				SWIFT_OBJC_BRIDGING_HEADER = "Tatari-Bridging-Header.h";
				"SWIFT_OBJC_BRIDGING_HEADER[arch=*]" = "Bridging-Header.h";
				SWIFT_OPTIMIZATION_LEVEL = "-Onone";
			};
			name = Debug;
		};
		627355D01BD8079400F7124A /* Release */ = {
			isa = XCBuildConfiguration;
			buildSettings = {
				ASSETCATALOG_COMPILER_APPICON_NAME = AppIcon;
				CLANG_ENABLE_MODULES = YES;
				CODE_SIGN_IDENTITY = "iPhone Developer";
				"CODE_SIGN_IDENTITY[sdk=iphoneos*]" = "iPhone Developer";
				EMBEDDED_CONTENT_CONTAINS_SWIFT = YES;
				ENABLE_BITCODE = NO;
				FRAMEWORK_SEARCH_PATHS = (
					"$(inherited)",
					"$(PROJECT_DIR)/Tatari",
				);
				INFOPLIST_FILE = Tatari/Info.plist;
				IPHONEOS_DEPLOYMENT_TARGET = 9.0;
				LD_RUNPATH_SEARCH_PATHS = "$(inherited) @executable_path/Frameworks";
				PRODUCT_BUNDLE_IDENTIFIER = br.ufpe.cla.Tatari;
				PRODUCT_NAME = "$(TARGET_NAME)";
				PROVISIONING_PROFILE = "";
				SWIFT_OBJC_BRIDGING_HEADER = "Tatari-Bridging-Header.h";
				"SWIFT_OBJC_BRIDGING_HEADER[arch=*]" = "Bridging-Header.h";
			};
			name = Release;
		};
		627355D21BD8079400F7124A /* Debug */ = {
			isa = XCBuildConfiguration;
			buildSettings = {
				BUNDLE_LOADER = "$(TEST_HOST)";
				INFOPLIST_FILE = TatariTests/Info.plist;
				LD_RUNPATH_SEARCH_PATHS = "$(inherited) @executable_path/Frameworks @loader_path/Frameworks";
				PRODUCT_BUNDLE_IDENTIFIER = br.ufpe.brcin.bepid.cla2.TatariTests;
				PRODUCT_NAME = "$(TARGET_NAME)";
				TEST_HOST = "$(BUILT_PRODUCTS_DIR)/Tatari.app/Tatari";
			};
			name = Debug;
		};
		627355D31BD8079400F7124A /* Release */ = {
			isa = XCBuildConfiguration;
			buildSettings = {
				BUNDLE_LOADER = "$(TEST_HOST)";
				INFOPLIST_FILE = TatariTests/Info.plist;
				LD_RUNPATH_SEARCH_PATHS = "$(inherited) @executable_path/Frameworks @loader_path/Frameworks";
				PRODUCT_BUNDLE_IDENTIFIER = br.ufpe.brcin.bepid.cla2.TatariTests;
				PRODUCT_NAME = "$(TARGET_NAME)";
				TEST_HOST = "$(BUILT_PRODUCTS_DIR)/Tatari.app/Tatari";
			};
			name = Release;
		};
		627355D51BD8079400F7124A /* Debug */ = {
			isa = XCBuildConfiguration;
			buildSettings = {
				INFOPLIST_FILE = TatariUITests/Info.plist;
				LD_RUNPATH_SEARCH_PATHS = "$(inherited) @executable_path/Frameworks @loader_path/Frameworks";
				PRODUCT_BUNDLE_IDENTIFIER = br.ufpe.brcin.bepid.cla2.TatariUITests;
				PRODUCT_NAME = "$(TARGET_NAME)";
				TEST_TARGET_NAME = Tatari;
				USES_XCTRUNNER = YES;
			};
			name = Debug;
		};
		627355D61BD8079400F7124A /* Release */ = {
			isa = XCBuildConfiguration;
			buildSettings = {
				INFOPLIST_FILE = TatariUITests/Info.plist;
				LD_RUNPATH_SEARCH_PATHS = "$(inherited) @executable_path/Frameworks @loader_path/Frameworks";
				PRODUCT_BUNDLE_IDENTIFIER = br.ufpe.brcin.bepid.cla2.TatariUITests;
				PRODUCT_NAME = "$(TARGET_NAME)";
				TEST_TARGET_NAME = Tatari;
				USES_XCTRUNNER = YES;
			};
			name = Release;
		};
/* End XCBuildConfiguration section */

/* Begin XCConfigurationList section */
		627355A11BD8079400F7124A /* Build configuration list for PBXProject "Tatari" */ = {
			isa = XCConfigurationList;
			buildConfigurations = (
				627355CC1BD8079400F7124A /* Debug */,
				627355CD1BD8079400F7124A /* Release */,
			);
			defaultConfigurationIsVisible = 0;
			defaultConfigurationName = Release;
		};
		627355CE1BD8079400F7124A /* Build configuration list for PBXNativeTarget "Tatari" */ = {
			isa = XCConfigurationList;
			buildConfigurations = (
				627355CF1BD8079400F7124A /* Debug */,
				627355D01BD8079400F7124A /* Release */,
			);
			defaultConfigurationIsVisible = 0;
			defaultConfigurationName = Release;
		};
		627355D11BD8079400F7124A /* Build configuration list for PBXNativeTarget "TatariTests" */ = {
			isa = XCConfigurationList;
			buildConfigurations = (
				627355D21BD8079400F7124A /* Debug */,
				627355D31BD8079400F7124A /* Release */,
			);
			defaultConfigurationIsVisible = 0;
			defaultConfigurationName = Release;
		};
		627355D41BD8079400F7124A /* Build configuration list for PBXNativeTarget "TatariUITests" */ = {
			isa = XCConfigurationList;
			buildConfigurations = (
				627355D51BD8079400F7124A /* Debug */,
				627355D61BD8079400F7124A /* Release */,
			);
			defaultConfigurationIsVisible = 0;
			defaultConfigurationName = Release;
		};
/* End XCConfigurationList section */
	};
	rootObject = 6273559E1BD8079400F7124A /* Project object */;
}
